{
  "schema_version": 1,
  "profile": "mintlify-docs",
  "ruleset_digest": "e976745ae2247b104c7df2d46709818ce969a3fd357e3fe42a5c45e8b0768f3f",
  "files": {
    ".oracle/managed-files.json": "6684338a82e4cbe9f4ff744d01108cae28d3e3de146a7c3e218667b2cc55a9bf",
    ".oracle/profile.json": "ce99a642feceff0c31e93cd032156191fba3a0cfbb1a47dd335feade10ec4bcc",
    "AGENTS.md": "659157b9e65a0e1fceb628db613670040fb6389a4af3d169b065851f9435f6a8",
    "dispatch/write_changelog.md": "44c2824225ad92c0af674af2a641a42ced227d2211cff6d6060c1fc4adb0b1f7",
    "dispatch/write_documentation.md": "0d4a051550a2925e864d64f05ad2a02ede93bf35ebc4f4ed4db4994fa02f352f",
    "dispatch/write_mdx.md": "71309fa7fd2f690973da53e70108fe92c0af9b51c12b49ee9bd0fbe747313029",
    "docs/CHANGELOG_VOICE.md": "3a9cd7d87dab1f03eba2b5eb04e85bbc8dd19cf86a72d2587a304e1563721013",
    "docs/DOCUMENTATION_RULES.md": "805a6bf0239d07c280d1a1fb1bfe5075108c178d8f42ad9646d0e0b3253f27b6"
  },
  "modes": {
    ".oracle/managed-files.json": "0644",
    ".oracle/profile.json": "0644",
    "AGENTS.md": "0644",
    "dispatch/write_changelog.md": "0644",
    "dispatch/write_documentation.md": "0644",
    "dispatch/write_mdx.md": "0644",
    "docs/CHANGELOG_VOICE.md": "0644",
    "docs/DOCUMENTATION_RULES.md": "0644"
  }
}
