{
  "files": {
    ".oracle/managed-files.json": "8d3bf9ffb0cf60c928b9fdaa9069c607c66c533862c6db11f2a6164dff0f386e",
    ".oracle/profile.json": "dec3e05da4f820b77a7c2d10b43423c31feaee8a3bb1365c772e96bee5c14af0",
    "AGENTS.md": "6a492487992e89fd172766ca2b0f318736e48e700797fcc54cab0250c532ec58",
    "dispatch/write_changelog.md": "b29ee57e924135cef159c473ac7eb1f285c8ce4d24c7d5a25ff5410fec4cd093",
    "dispatch/write_documentation.md": "0d4a051550a2925e864d64f05ad2a02ede93bf35ebc4f4ed4db4994fa02f352f",
    "dispatch/write_mdx.md": "71309fa7fd2f690973da53e70108fe92c0af9b51c12b49ee9bd0fbe747313029",
    "docs/CHANGELOG_VOICE.md": "340b30766421a830463c9975f80d5d214fc10d147015e32bea194ab5b90f89ac",
    "docs/DOCUMENTATION_RULES.md": "805a6bf0239d07c280d1a1fb1bfe5075108c178d8f42ad9646d0e0b3253f27b6"
  },
  "modes": {
    ".oracle/managed-files.json": "0644",
    ".oracle/profile.json": "0644",
    "AGENTS.md": "0644",
    "dispatch/write_changelog.md": "0644",
    "dispatch/write_documentation.md": "0644",
    "dispatch/write_mdx.md": "0644",
    "docs/CHANGELOG_VOICE.md": "0644",
    "docs/DOCUMENTATION_RULES.md": "0644"
  },
  "profile": "mintlify-docs",
  "ruleset_digest": "835bee2f8257b5541fdfcf13c7b780ad24342b1f20ce4dfec905051b4725449a",
  "schema_version": 1
}
